{
  "name": "stanmall",
  "version": "1.0.0",
  "lockfileVersion": 1,
  "requires": true,
  "dependencies": {
    "wxministore": {
      "version": "1.2.4",
      "resolved": "https://registry.npmjs.org/wxministore/-/wxministore-1.2.4.tgz",
      "integrity": "sha512-cfFyr4CdePYDBN5bJYXEqHdmNOOlZXp7zqTBQ8gQbKW64xpb3wcC3z8+H30nAyjUQdeKOMF54VHvg9vxEUCwtQ=="
    }
  }
}
